github.com/spf13/cobra v1.6.1 h1:o94oiPyS4KD1mPy2fmcYYHHfCxLqYjJOhGsCHFZtEzA=
github.com/spf13/cobra v1.6.1/go.mod h1:IOw/AERYS7UzyrGinqmz6HLUo219MORXGxhbaJUqzrY=
k8s.io/api v0.28.1 h1:i+0O8k2NPBCPYaMB+uCkseEbawEt/eFaiRqUx8aB108=
k8s.io/api v0.28.1/go.mod h1:uBYwID+66wiL28Kn2tBjBYQdEU0Xk0z5qF8bIBqk/Dg=
k8s.io/apimachinery v0.28.1 h1:EJD40og3GizBSV3mkIoXQBsws32okPOy+MkRyzh6nPY=
k8s.io/apimachinery v0.28.1/go.mod h1:X0xh/chESs2hP9koe+SdIAcXWcQ+RM5hy0ZynB+yEvw=
k8s.io/client-go v0.28.1 h1:pRhMzB8HyLfVwpngWKE8hDcXRqifh1ga2Z/PU9SXVK8=
k8s.io/client-go v0.28.1/go.mod h1:pEZA3FqOsVkCc07pFVzK076R+P/eXqsgx5zuuRWukNE=